
Microsoft Visual Studio Solution File, Format Version 12.00
# Visual Studio Version 17
VisualStudioVersion = 17.4.33213.308
MinimumVisualStudioVersion = 10.0.40219.1
Project("{FAE04EC0-301F-11D3-BF4B-00C04F79EFBC}") = "TaskManager", "TaskManager\TaskManager.csproj", "{C60D69B9-1F88-408F-8E05-A80BCD780F12}"
EndProject
Global
	GlobalSection(SolutionConfigurationPlatforms) = preSolution
		Debug|Any CPU = Debug|Any CPU
		Release|Any CPU = Release|Any CPU
	EndGlobalSection
	GlobalSection(ProjectConfigurationPlatforms) = postSolution
		{C60D69B9-1F88-408F-8E05-A80BCD780F12}.Debug|Any CPU.ActiveCfg = Debug|Any CPU
		{C60D69B9-1F88-408F-8E05-A80BCD780F12}.Debug|Any CPU.Build.0 = Debug|Any CPU
		{C60D69B9-1F88-408F-8E05-A80BCD780F12}.Release|Any CPU.ActiveCfg = Release|Any CPU
		{C60D69B9-1F88-408F-8E05-A80BCD780F12}.Release|Any CPU.Build.0 = Release|Any CPU
	EndGlobalSection
	GlobalSection(SolutionProperties) = preSolution
		HideSolutionNode = FALSE
	EndGlobalSection
	GlobalSection(ExtensibilityGlobals) = postSolution
		SolutionGuid = {97CDCF2C-8628-42AD-AC67-F1F32B3119AF}
	EndGlobalSection
EndGlobal
